
Microsoft Visual Studio Solution File, Format Version 12.00
# Visual Studio Version 17
VisualStudioVersion = 17.1.32407.343
MinimumVisualStudioVersion = 10.0.40219.1
Project("{FAE04EC0-301F-11D3-BF4B-00C04F79EFBC}") = "CasinoSimulator", "CasinoSimulator\CasinoSimulator.csproj", "{BCCD2336-C9DA-4BCC-BDAB-A955415C2F4E}"
EndProject
Global
	GlobalSection(SolutionConfigurationPlatforms) = preSolution
		Debug|Any CPU = Debug|Any CPU
		Release|Any CPU = Release|Any CPU
	EndGlobalSection
	GlobalSection(ProjectConfigurationPlatforms) = postSolution
		{BCCD2336-C9DA-4BCC-BDAB-A955415C2F4E}.Debug|Any CPU.ActiveCfg = Debug|Any CPU
		{BCCD2336-C9DA-4BCC-BDAB-A955415C2F4E}.Debug|Any CPU.Build.0 = Debug|Any CPU
		{BCCD2336-C9DA-4BCC-BDAB-A955415C2F4E}.Release|Any CPU.ActiveCfg = Release|Any CPU
		{BCCD2336-C9DA-4BCC-BDAB-A955415C2F4E}.Release|Any CPU.Build.0 = Release|Any CPU
	EndGlobalSection
	GlobalSection(SolutionProperties) = preSolution
		HideSolutionNode = FALSE
	EndGlobalSection
	GlobalSection(ExtensibilityGlobals) = postSolution
		SolutionGuid = {5E646F44-05E0-4639-9663-78F645F1990E}
	EndGlobalSection
EndGlobal
